
Microsoft Visual Studio Solution File, Format Version 12.00
# Visual Studio 2015
Project("{FAE04EC0-301F-11D3-BF4B-00C04F79EFBC}") = "Combat_02", "Combat_02.csproj", "{6436F6BA-0862-15A3-8468-7CA47F0BD220}"
EndProject
Project("{FAE04EC0-301F-11D3-BF4B-00C04F79EFBC}") = "Combat_02.Plugins", "Combat_02.Plugins.csproj", "{B8F78BAE-4893-51C1-52B5-4C77BD16B608}"
EndProject
Project("{FAE04EC0-301F-11D3-BF4B-00C04F79EFBC}") = "Combat_02.Editor", "Combat_02.Editor.csproj", "{651E97CB-88A2-8F61-69AF-E8F2446D14EE}"
EndProject
Project("{FAE04EC0-301F-11D3-BF4B-00C04F79EFBC}") = "Combat_02.Editor.Plugins", "Combat_02.Editor.Plugins.csproj", "{1EBEB8AB-253D-D6D4-0194-64B92E5A11BA}"
EndProject
Global
	GlobalSection(SolutionConfigurationPlatforms) = preSolution
		Debug|Any CPU = Debug|Any CPU
		Release|Any CPU = Release|Any CPU
	EndGlobalSection
	GlobalSection(ProjectConfigurationPlatforms) = postSolution
		{6436F6BA-0862-15A3-8468-7CA47F0BD220}.Debug|Any CPU.ActiveCfg = Debug|Any CPU
		{6436F6BA-0862-15A3-8468-7CA47F0BD220}.Debug|Any CPU.Build.0 = Debug|Any CPU
		{6436F6BA-0862-15A3-8468-7CA47F0BD220}.Release|Any CPU.ActiveCfg = Release|Any CPU
		{6436F6BA-0862-15A3-8468-7CA47F0BD220}.Release|Any CPU.Build.0 = Release|Any CPU
		{B8F78BAE-4893-51C1-52B5-4C77BD16B608}.Debug|Any CPU.ActiveCfg = Debug|Any CPU
		{B8F78BAE-4893-51C1-52B5-4C77BD16B608}.Debug|Any CPU.Build.0 = Debug|Any CPU
		{B8F78BAE-4893-51C1-52B5-4C77BD16B608}.Release|Any CPU.ActiveCfg = Release|Any CPU
		{B8F78BAE-4893-51C1-52B5-4C77BD16B608}.Release|Any CPU.Build.0 = Release|Any CPU
		{651E97CB-88A2-8F61-69AF-E8F2446D14EE}.Debug|Any CPU.ActiveCfg = Debug|Any CPU
		{651E97CB-88A2-8F61-69AF-E8F2446D14EE}.Debug|Any CPU.Build.0 = Debug|Any CPU
		{651E97CB-88A2-8F61-69AF-E8F2446D14EE}.Release|Any CPU.ActiveCfg = Release|Any CPU
		{651E97CB-88A2-8F61-69AF-E8F2446D14EE}.Release|Any CPU.Build.0 = Release|Any CPU
		{1EBEB8AB-253D-D6D4-0194-64B92E5A11BA}.Debug|Any CPU.ActiveCfg = Debug|Any CPU
		{1EBEB8AB-253D-D6D4-0194-64B92E5A11BA}.Debug|Any CPU.Build.0 = Debug|Any CPU
		{1EBEB8AB-253D-D6D4-0194-64B92E5A11BA}.Release|Any CPU.ActiveCfg = Release|Any CPU
		{1EBEB8AB-253D-D6D4-0194-64B92E5A11BA}.Release|Any CPU.Build.0 = Release|Any CPU
	EndGlobalSection
	GlobalSection(SolutionProperties) = preSolution
		HideSolutionNode = FALSE
	EndGlobalSection
EndGlobal
